{
  "name": "5.9",
  "lockfileVersion": 3,
  "requires": true,
  "packages": {
    "": {
      "dependencies": {
        "types-registry": "^0.1.784"
      }
    },
    "node_modules/types-registry": {
      "version": "0.1.784",
      "resolved": "http://package-firewall.replit.local/npm/types-registry/-/types-registry-0.1.784.tgz",
      "integrity": "sha512-vJcrOgEwLKuAE7MYWfXlkV7j/x44NBL60jkta9JaV7E8xJi22kF2sEEcsAlmwByUBrk4Q2Wet2k2iv+FNCNPVQ==",
      "license": "MIT"
    }
  }
}
